
Microsoft Visual Studio Solution File, Format Version 12.00
Project("{FAE04EC0-301F-11D3-BF4B-00C04F79EFBC}") = "WebApi", "WebApi\WebApi.csproj", "{E8ACAAFD-F107-4561-ADAA-63A77A0EA0A9}"
EndProject
Project("{FAE04EC0-301F-11D3-BF4B-00C04F79EFBC}") = "Application", "Application\Application.csproj", "{0B1CFF2F-1F42-4FA8-B15C-1D428D5F1867}"
EndProject
Project("{FAE04EC0-301F-11D3-BF4B-00C04F79EFBC}") = "Tests", "Tests\Tests.csproj", "{ED187DA2-D85D-4F43-9BE6-68F820A895BE}"
EndProject
Project("{FAE04EC0-301F-11D3-BF4B-00C04F79EFBC}") = "Infrastructure", "Infrastructure\Infrastructure.csproj", "{7ED3E313-96F6-4BA9-9D6E-BDD1990A2FA3}"
EndProject
Global
	GlobalSection(SolutionConfigurationPlatforms) = preSolution
		Debug|Any CPU = Debug|Any CPU
		Release|Any CPU = Release|Any CPU
	EndGlobalSection
	GlobalSection(ProjectConfigurationPlatforms) = postSolution
		{E8ACAAFD-F107-4561-ADAA-63A77A0EA0A9}.Debug|Any CPU.ActiveCfg = Debug|Any CPU
		{E8ACAAFD-F107-4561-ADAA-63A77A0EA0A9}.Debug|Any CPU.Build.0 = Debug|Any CPU
		{E8ACAAFD-F107-4561-ADAA-63A77A0EA0A9}.Release|Any CPU.ActiveCfg = Release|Any CPU
		{E8ACAAFD-F107-4561-ADAA-63A77A0EA0A9}.Release|Any CPU.Build.0 = Release|Any CPU
		{0B1CFF2F-1F42-4FA8-B15C-1D428D5F1867}.Debug|Any CPU.ActiveCfg = Debug|Any CPU
		{0B1CFF2F-1F42-4FA8-B15C-1D428D5F1867}.Debug|Any CPU.Build.0 = Debug|Any CPU
		{0B1CFF2F-1F42-4FA8-B15C-1D428D5F1867}.Release|Any CPU.ActiveCfg = Release|Any CPU
		{0B1CFF2F-1F42-4FA8-B15C-1D428D5F1867}.Release|Any CPU.Build.0 = Release|Any CPU
		{ED187DA2-D85D-4F43-9BE6-68F820A895BE}.Debug|Any CPU.ActiveCfg = Debug|Any CPU
		{ED187DA2-D85D-4F43-9BE6-68F820A895BE}.Debug|Any CPU.Build.0 = Debug|Any CPU
		{ED187DA2-D85D-4F43-9BE6-68F820A895BE}.Release|Any CPU.ActiveCfg = Release|Any CPU
		{ED187DA2-D85D-4F43-9BE6-68F820A895BE}.Release|Any CPU.Build.0 = Release|Any CPU
		{7ED3E313-96F6-4BA9-9D6E-BDD1990A2FA3}.Debug|Any CPU.ActiveCfg = Debug|Any CPU
		{7ED3E313-96F6-4BA9-9D6E-BDD1990A2FA3}.Debug|Any CPU.Build.0 = Debug|Any CPU
		{7ED3E313-96F6-4BA9-9D6E-BDD1990A2FA3}.Release|Any CPU.ActiveCfg = Release|Any CPU
		{7ED3E313-96F6-4BA9-9D6E-BDD1990A2FA3}.Release|Any CPU.Build.0 = Release|Any CPU
	EndGlobalSection
EndGlobal
